github.com/asecurityteam/logevent/v2 v2.0.4 h1:u6fBw54gJqzqrEkvfoFvMsWsiEPIOtEhXiyGHkfMYTU=
github.com/asecurityteam/logevent/v2 v2.0.4/go.mod h1:aj/47NAIpgppAr5A4mzFOXJ3/PM9h2MmQFRiCynmgg4=
github.com/aws/aws-sdk-go-v2 v1.47.3 h1:HRoT/MkNi3bjO5xF4dCzLzvVmkvRGHj3/cLINDnJejk=
github.com/aws/aws-sdk-go-v2 v1.47.3/go.mod h1:xSl+OSI5ZUw6bSMupWc218zE5Pl+65MCCu3ySWFY99A=
github.com/aws/aws-sdk-go-v2/config v1.33.9 h1:Hv6bcQUJVnmuWaKjqD6Ot8sE75NrWsWV20oGT5aWle0=
github.com/aws/aws-sdk-go-v2/config v1.33.9/go.mod h1:ivowmrZNfBQLcg4QkaItgi5wae4Bzot9RzIdbY1hfTg=
github.com/aws/aws-sdk-go-v2/credentials v1.20.9 h1:SNO55PnWhaDafsOcv16lCA0kdoFMl/YlegWoVsU02s0=
github.com/aws/aws-sdk-go-v2/credentials v1.20.9/go.mod h1:+2reOTRtdD3VSBqpRDNwrZIYy8yMCYa7oK3WKTJ/I1I=
github.com/aws/aws-sdk-go-v2/feature/ec2/imds v1.20.3 h1:gr3b87OLB29jymWPzp/CAyXwQRJVE+sC4Wm0qBIKHsk=
github.com/aws/aws-sdk-go-v2/feature/ec2/imds v1.20.3/go.mod h1:BRjf4L/Yx2hY54o+ZibPbLJyMMeSwqYQXwcJfqW66a8=
github.com/aws/aws-sdk-go-v2/internal/configsources v1.5.6 h1:CqL8NN3p4I0JTwwV5MEoatIl4Y2amZ2X9dRD+0hbRL0=
github.com/aws/aws-sdk-go-v2/internal/configsources v1.5.6/go.mod h1:exdJ32hMqXl0Wyo6NwqEC5yIhtua3+PDaKE8P29m4qE=
github.com/aws/aws-sdk-go-v2/internal/endpoints/v2 v2.8.6 h1:FpBq24TG6WVSObTNhQOv7Q0088rounUUlwn3zlNItkM=
github.com/aws/aws-sdk-go-v2/internal/endpoints/v2 v2.8.6/go.mod h1:ONzdPVYC95oBOu0VWNEsKEntcoemP3xVKjT+qWml1s4=
github.com/aws/aws-sdk-go-v2/internal/v4a v1.5.6 h1:Qmn60RWuk9+bd2ddvJJqwf3Cpac3VvGMOdbGemtUhX4=
github.com/aws/aws-sdk-go-v2/internal/v4a v1.5.6/go.mod h1:h/YJhe4AVyQxEUMluph10iqV7mjajH7A9L+BHF5ppis=
github.com/aws/aws-sdk-go-v2/service/internal/accept-encoding v1.13.21 h1:e6YW5uME30TkrElR+4/xcY7NB6CCj2dcv7vtmGXhfhQ=
github.com/aws/aws-sdk-go-v2/service/internal/accept-encoding v1.13.21/go.mod h1:obpHAMP693+f3/A8PkLhIqfK1C+NWWn8zXzqD3OH520=
github.com/aws/aws-sdk-go-v2/service/internal/presigned-url v1.14.6 h1:LHHdobjo5le1sjJdolitV7uVvYg3wkaeM1Ju2fDgeZQ=
github.com/aws/aws-sdk-go-v2/service/internal/presigned-url v1.14.6/go.mod h1:CBGB0evAiaMD3Lk4wPO7LQCcCZLuhzL5Qf/wfEUHQ5w=
github.com/aws/aws-sdk-go-v2/service/signin v1.10.4 h1:tvpDjuUvgKURf3Yk4hOaGbZ4QdY+070OWcA5d6LUv2A=
github.com/aws/aws-sdk-go-v2/service/signin v1.10.4/go.mod h1:3ibVKg5Ng82Zby8++jELTD2nHxiPk2DJRLEeW/LKp8M=
github.com/aws/aws-sdk-go-v2/service/sqs v1.52.4 h1:D+Zmdt3T3P770MrqTmZvalbj6ADO7xA7n+qnNakGvrI=
github.com/aws/aws-sdk-go-v2/service/sqs v1.52.4/go.mod h1:dUYH3ia3qEO5ogaWDLp2tjtb4u4Y9xRbae7tOr1ClIA=
github.com/aws/aws-sdk-go-v2/service/sso v1.38.4 h1:ChCtagixSFOxltv0o6E3NT8F7ksvZtZGPwUBynO5Nmk=
github.com/aws/aws-sdk-go-v2/service/sso v1.38.4/go.mod h1:+FEO9jrVMpc9oN3CdAxJbtlQEu3z8UddDPSedpeM3PY=
github.com/aws/aws-sdk-go-v2/service/ssooidc v1.43.4 h1:j6c+HA4AoS0EBEjArPjavFEBrucJEryfrQU0TffmACk=
github.com/aws/aws-sdk-go-v2/service/ssooidc v1.43.4/go.mod h1:RhghaXUk9q66VtOQUX1FdPddQuHnqQZzbB0fEYXmPRA=
github.com/aws/aws-sdk-go-v2/service/sts v1.51.4 h1:OKEfbf2tcfsF2pBk/S9QqNpo6alaAtiBs4hysCsBjPw=
github.com/aws/aws-sdk-go-v2/service/sts v1.51.4/go.mod h1:mCd6qGo9b8hTtfjgsmNkFlzwjyce4owd7HDVFnCLXhM=
github.com/aws/smithy-go v1.28.5 h1:OqbqKtzY9NUnr2yAe9+hiTdFb20tNaK/lI0PMOGXX9k=
github.com/aws/smithy-go v1.28.5/go.mod h1:YE2RhdIuDbA5E5bTdciG9KrW3+TiEONeUWCqxX9i1Fc=
github.com/coreos/go-systemd/v22 v22.5.0/go.mod h1:Y58oyj3AT4RCenI/lSvhwexgC+NSVTIJ3seZv2GcEnc=
github.com/fatih/structs v1.1.0 h1:Q7juDM0QtcnhCpeyLGQKyg4TOIghuNXrkL32pHAUMxo=
github.com/fatih/structs v1.1.0/go.mod h1:9NiDSp5zOcgEDl+j00MP/WkGVPOlPRLejGD8Ga6PJ7M=
github.com/godbus/dbus/v5 v5.0.4/go.mod h1:xhWf0FNVPg57R7Z0UbKHbJfkEywrmjJnf7w5xrFpKfA=
github.com/golang/mock v1.6.0 h1:ErTB+efbowRARo13NNdxyJji2egdxLGQhRaY+DUumQc=
github.com/golang/mock v1.6.0/go.mod h1:p6yTPP+5HYm5mzsMV8JkE6ZKdX+/wYM6Hr+LicevLPs=
github.com/google/uuid v1.6.0 h1:NIvaJDMOsjHA8n1jAhLSgzrAzy1Hgr+hNrb57e+94F0=
github.com/google/uuid v1.6.0/go.mod h1:TIyPZe4MgqvfeYDBFedMoGGpEw/LqOeaOT+nhxU+yHo=
github.com/mattn/go-colorable v0.1.13 h1:fFA4WZxdEF4tXPZVKMLwD8oUnCTTo08duU7wxecdEvA=
github.com/mattn/go-colorable v0.1.13/go.mod h1:7S9/ev0klgBDR4GtXTXX8a3vIGJpMovkB8vQcUbaXHg=
github.com/mattn/go-isatty v0.0.16/go.mod h1:kYGgaQfpe5nmfYZH+SKPsOc2e4SrIfOl2e/yFXSvRLM=
github.com/mattn/go-isatty v0.0.19/go.mod h1:W+V8PltTTMOvKvAeJH7IuucS94S2C6jfK/D7dTCTo3Y=
github.com/mattn/go-isatty v0.0.20 h1:xfD0iDuEKnDkl03q4limB+vH+GxLEtL/jb4xVJSWWEY=
github.com/mattn/go-isatty v0.0.20/go.mod h1:W+V8PltTTMOvKvAeJH7IuucS94S2C6jfK/D7dTCTo3Y=
github.com/pkg/errors v0.9.1/go.mod h1:bwawxfHBFNV+L2hUp1rHADufV3IMtnDRdf1r5NINEl0=
github.com/rs/cors v1.11.0 h1:0B9GE/r9Bc2UxRMMtymBkHTenPkHDv0CW4Y98GBY+po=
github.com/rs/cors v1.11.0/go.mod h1:XyqrcTp5zjWr1wsJ8PIRZssZ8b/WMcMf71DJnit4EMU=
github.com/rs/xhandler v0.0.0-20170707052532-1eb70cf1520d h1:8Tt7DYYdFqLlOIuyiE0RluKem4T+048AUafnIjH80wg=
github.com/rs/xhandler v0.0.0-20170707052532-1eb70cf1520d/go.mod h1:RvLn4FgxWubrpZHtQLnOf6EwhN2hEMusxZOhcW9H3UQ=
github.com/rs/xid v1.6.0 h1:fV591PaemRlL6JfRxGDEPl69wICngIQ3shQtzfy2gxU=
github.com/rs/xid v1.6.0/go.mod h1:7XoLgs4eV+QndskICGsho+ADou8ySMSjJKDIan90Nz0=
github.com/rs/xlog v0.0.0-20171227185259-131980fab91b h1:65vbRzwfvVUk63GnEiBy1lsY40FLZQev13NK+LnyHAE=
github.com/rs/xlog v0.0.0-20171227185259-131980fab91b/go.mod h1:PJ0wmxt3GdhZAbIT0S8HQXsHuLt11tPiF8bUKXUV77w=
github.com/rs/xstats v0.0.0-20170813190920-c67367528e16 h1:m0aigb++JZXs+tzTO60LOOKSOXWyr7scDxlaSvU6HN8=
github.com/rs/xstats v0.0.0-20170813190920-c67367528e16/go.mod h1:5Cg6M3g+Dp4RSFNYBtjJxxjksZc00LbESra5Sz6fGSU=
github.com/rs/zerolog v1.34.0 h1:k43nTLIwcTVQAncfCw4KZ2VY6ukYoZaBPNOE8txlOeY=
github.com/rs/zerolog v1.34.0/go.mod h1:bJsvje4Z08ROH4Nhs5iH600c3IkWhwp44iRc54W6wYQ=
github.com/stretchr/testify v1.12.1 h1:EuwCh5fleGS7H32xRwO3wRGT7DxrDhLAT6FF8MpWDWE=
github.com/stretchr/testify v1.12.1/go.mod h1:MDEgiDPPsNp5cuIrHPPCyornHKgEVbtFUmoNlxoYthg=
github.com/yuin/goldmark v1.3.5/go.mod h1:mwnBkeHKe2W/ZEtQ+71ViKU8L12m81fl3OWwC1Zlc8k=
go.yaml.in/yaml/v3 v3.0.5 h1:N6y/pJk8buWs9NY5ERU2HSMfm+IuD/OtfdAnq6kESPw=
go.yaml.in/yaml/v3 v3.0.5/go.mod h1:HVTZu1O7/Vkt2N+BFy8Zza+lnLsABggaTM2ZpNIGuKg=
golang.org/x/crypto v0.0.0-20190308221718-c2843e01d9a2/go.mod h1:djNgcEr1/C05ACkg1iLfiJU5Ep61QUkGW8qpdssI0+w=
golang.org/x/crypto v0.0.0-20191011191535-87dc89f01550/go.mod h1:yigFU9vqHzYiE8UmvKecakEJjdnWj3jj499lnFckfCI=
golang.org/x/mod v0.4.2/go.mod h1:s0Qsj1ACt9ePp/hMypM3fl4fZqREWJwdYDEqhRiZZUA=
golang.org/x/net v0.0.0-20190404232315-eb5bcb51f2a3/go.mod h1:t9HGtf8HONx5eT2rtn7q6eTqICYqUVnKs3thJo3Qplg=
golang.org/x/net v0.0.0-20190620200207-3b0461eec859/go.mod h1:z5CRVTTTmAJ677TzLLGU+0bjPO0LkuOLi4/5GtJWs/s=
golang.org/x/net v0.0.0-20210405180319-a5a99cb37ef4/go.mod h1:p54w0d4576C0XHj96bSt6lcn1PtDYWL6XObtHCRCNQM=
golang.org/x/net v0.28.0 h1:a9JDOJc5GMUJ0+UDqmLT86WiEy7iWyIhz8gz8E4e5hE=
golang.org/x/net v0.28.0/go.mod h1:yqtgsTWOOnlGLG9GFRrK3++bGOUEkNBoHZc8MEDWPNg=
golang.org/x/sync v0.0.0-20190423024810-112230192c58/go.mod h1:RxMgew5VJxzue5/jJTE5uejpjVlOe/izrB70Jof72aM=
golang.org/x/sync v0.0.0-20210220032951-036812b2e83c/go.mod h1:RxMgew5VJxzue5/jJTE5uejpjVlOe/izrB70Jof72aM=
golang.org/x/sys v0.0.0-20190215142949-d0b11bdaac8a/go.mod h1:STP8DvDyc/dI5b8T5hshtkjS+E42TnysNCUPdjciGhY=
golang.org/x/sys v0.0.0-20190412213103-97732733099d/go.mod h1:h1NjWce9XRLGQEsW7wpKNCjG9DtNlClVuFLEZdDNbEs=
golang.org/x/sys v0.0.0-20201119102817-f84b799fce68/go.mod h1:h1NjWce9XRLGQEsW7wpKNCjG9DtNlClVuFLEZdDNbEs=
golang.org/x/sys v0.0.0-20210330210617-4fbd30eecc44/go.mod h1:h1NjWce9XRLGQEsW7wpKNCjG9DtNlClVuFLEZdDNbEs=
golang.org/x/sys v0.0.0-20210510120138-977fb7262007/go.mod h1:oPkhp1MJrh7nUepCBck5+mAzfO9JrbApNNgaTdGDITg=
golang.org/x/sys v0.0.0-20220811171246-fbc7d0a398ab/go.mod h1:oPkhp1MJrh7nUepCBck5+mAzfO9JrbApNNgaTdGDITg=
golang.org/x/sys v0.6.0/go.mod h1:oPkhp1MJrh7nUepCBck5+mAzfO9JrbApNNgaTdGDITg=
golang.org/x/sys v0.12.0/go.mod h1:oPkhp1MJrh7nUepCBck5+mAzfO9JrbApNNgaTdGDITg=
golang.org/x/sys v0.24.0 h1:Twjiwq9dn6R1fQcyiK+wQyHWfaz/BJB+YIpzU/Cv3Xg=
golang.org/x/sys v0.24.0/go.mod h1:/VUhepiaJMQUp4+oa/7Zr1D23ma6VTLIYjOOTFZPUcA=
golang.org/x/term v0.0.0-20201126162022-7de9c90e9dd1/go.mod h1:bj7SfCRtBDWHUb9snDiAeCFNEtKQo2Wmx5Cou7ajbmo=
golang.org/x/text v0.3.0/go.mod h1:NqM8EUOU14njkJ3fqMW+pc6Ldnwhi/IjpwHt7yyuwOQ=
golang.org/x/text v0.3.3/go.mod h1:5Zoc/QRtKVWzQhOtBMvqHzDpF6irO9z98xDceosuGiQ=
golang.org/x/tools v0.0.0-20180917221912-90fa682c2a6e/go.mod h1:n7NCudcB/nEzxVGmLbDWY5pfWTLqBcC2KZ6jyYvM4mQ=
golang.org/x/tools v0.0.0-20191119224855-298f0cb1881e/go.mod h1:b+2E5dAYhXwXZwtnZ6UAqBI28+e2cm9otk0dWdXHAEo=
golang.org/x/tools v0.1.1/go.mod h1:o0xws9oXOQQZyjljx8fwUC0k7L1pTE6eaCbjGeHmOkk=
golang.org/x/xerrors v0.0.0-20190717185122-a985d3407aa7/go.mod h1:I/5z698sn9Ka8TeJc9MKroUUfqBBauWjQqLJ2OPfmY0=
golang.org/x/xerrors v0.0.0-20191011141410-1b5146add898/go.mod h1:I/5z698sn9Ka8TeJc9MKroUUfqBBauWjQqLJ2OPfmY0=
golang.org/x/xerrors v0.0.0-20200804184101-5ec99f83aff1/go.mod h1:I/5z698sn9Ka8TeJc9MKroUUfqBBauWjQqLJ2OPfmY0=
